github.com/4kills/go-zlib v1.1.0 h1:16INsJZ1+9ClgPbWh3eOBd8lKAK1FRemTwYgtmwcCQQ=
github.com/4kills/go-zlib v1.1.0/go.mod h1:ngBUonyN1YJBHSknfLPNtWokAjYhHsaZDio8yS+BqSo=
github.com/DataDog/czlib v0.0.0-20210322182103-8087f4e14ae7 h1:6ZJZdzkbvKb6HRXmZ12ICZ0IbqfR+0Cd2C0IutWHHIA=
github.com/DataDog/czlib v0.0.0-20210322182103-8087f4e14ae7/go.mod h1:ROY4muaTWpoeQAx/oUkvxe9zKCmgU5xDGXsfEbA+omc=
